
Microsoft Visual Studio Solution File, Format Version 12.00
# Visual Studio 14
VisualStudioVersion = 14.0.25123.0
MinimumVisualStudioVersion = 10.0.40219.1
Project("{FAE04EC0-301F-11D3-BF4B-00C04F79EFBC}") = "ExpressCraftHelloWorldDialog", "ExpressCraftHelloWorldDialog\ExpressCraftHelloWorldDialog.csproj", "{8A457500-48B6-4C02-B7C6-C8FAB65B3E09}"
EndProject
Project("{FAE04EC0-301F-11D3-BF4B-00C04F79EFBC}") = "ExpressCraftRibbonBar", "ExpressCraftRibbonBar\ExpressCraftRibbonBar.csproj", "{8B569E04-1D36-4542-8FE4-9D4A989D24CA}"
EndProject
Project("{FAE04EC0-301F-11D3-BF4B-00C04F79EFBC}") = "ExpressCraft", "ExpressCraft\ExpressCraft.csproj", "{8EC693BD-1FFA-41A5-8DDC-954FB79F54E4}"
EndProject
Project("{FAE04EC0-301F-11D3-BF4B-00C04F79EFBC}") = "ExpressCraftGridView", "ExpressCraftGridView\ExpressCraftGridView.csproj", "{30B3F7F3-F1AC-4D33-97D4-E0403D4CA1BE}"
EndProject
Global
	GlobalSection(SolutionConfigurationPlatforms) = preSolution
		Debug|Any CPU = Debug|Any CPU
		Release|Any CPU = Release|Any CPU
	EndGlobalSection
	GlobalSection(ProjectConfigurationPlatforms) = postSolution
		{8A457500-48B6-4C02-B7C6-C8FAB65B3E09}.Debug|Any CPU.ActiveCfg = Debug|Any CPU
		{8A457500-48B6-4C02-B7C6-C8FAB65B3E09}.Debug|Any CPU.Build.0 = Debug|Any CPU
		{8A457500-48B6-4C02-B7C6-C8FAB65B3E09}.Release|Any CPU.ActiveCfg = Release|Any CPU
		{8A457500-48B6-4C02-B7C6-C8FAB65B3E09}.Release|Any CPU.Build.0 = Release|Any CPU
		{8B569E04-1D36-4542-8FE4-9D4A989D24CA}.Debug|Any CPU.ActiveCfg = Debug|Any CPU
		{8B569E04-1D36-4542-8FE4-9D4A989D24CA}.Debug|Any CPU.Build.0 = Debug|Any CPU
		{8B569E04-1D36-4542-8FE4-9D4A989D24CA}.Release|Any CPU.ActiveCfg = Release|Any CPU
		{8B569E04-1D36-4542-8FE4-9D4A989D24CA}.Release|Any CPU.Build.0 = Release|Any CPU
		{8EC693BD-1FFA-41A5-8DDC-954FB79F54E4}.Debug|Any CPU.ActiveCfg = Debug|Any CPU
		{8EC693BD-1FFA-41A5-8DDC-954FB79F54E4}.Debug|Any CPU.Build.0 = Debug|Any CPU
		{8EC693BD-1FFA-41A5-8DDC-954FB79F54E4}.Release|Any CPU.ActiveCfg = Release|Any CPU
		{8EC693BD-1FFA-41A5-8DDC-954FB79F54E4}.Release|Any CPU.Build.0 = Release|Any CPU
		{30B3F7F3-F1AC-4D33-97D4-E0403D4CA1BE}.Debug|Any CPU.ActiveCfg = Debug|Any CPU
		{30B3F7F3-F1AC-4D33-97D4-E0403D4CA1BE}.Debug|Any CPU.Build.0 = Debug|Any CPU
		{30B3F7F3-F1AC-4D33-97D4-E0403D4CA1BE}.Release|Any CPU.ActiveCfg = Release|Any CPU
		{30B3F7F3-F1AC-4D33-97D4-E0403D4CA1BE}.Release|Any CPU.Build.0 = Release|Any CPU
	EndGlobalSection
	GlobalSection(SolutionProperties) = preSolution
		HideSolutionNode = FALSE
	EndGlobalSection
EndGlobal
