
Microsoft Visual Studio Solution File, Format Version 12.00
# Visual Studio 15
VisualStudioVersion = 15.0.27703.2047
MinimumVisualStudioVersion = 10.0.40219.1
Project("{FAE04EC0-301F-11D3-BF4B-00C04F79EFBC}") = "ExpressCraft", "ExpressCraft\ExpressCraft.csproj", "{8EC693BD-1FFA-41A5-8DDC-954FB79F54E4}"
EndProject
Project("{FAE04EC0-301F-11D3-BF4B-00C04F79EFBC}") = "ExpressCraft.Design", "ExpressCraft.Design\ExpressCraft.Design.csproj", "{4340DDD9-E154-47D5-A783-A120EC7124E1}"
EndProject
Project("{FAE04EC0-301F-11D3-BF4B-00C04F79EFBC}") = "ExpressCraft.Forms", "ExpressCraft.Forms\ExpressCraft.Forms.csproj", "{8357D49D-173F-45AC-AD49-192750FEDF57}"
EndProject
Global
	GlobalSection(SolutionConfigurationPlatforms) = preSolution
		Debug|Any CPU = Debug|Any CPU
		Release|Any CPU = Release|Any CPU
	EndGlobalSection
	GlobalSection(ProjectConfigurationPlatforms) = postSolution
		{8EC693BD-1FFA-41A5-8DDC-954FB79F54E4}.Debug|Any CPU.ActiveCfg = Debug|Any CPU
		{8EC693BD-1FFA-41A5-8DDC-954FB79F54E4}.Debug|Any CPU.Build.0 = Debug|Any CPU
		{8EC693BD-1FFA-41A5-8DDC-954FB79F54E4}.Release|Any CPU.ActiveCfg = Release|Any CPU
		{8EC693BD-1FFA-41A5-8DDC-954FB79F54E4}.Release|Any CPU.Build.0 = Release|Any CPU
		{4340DDD9-E154-47D5-A783-A120EC7124E1}.Debug|Any CPU.ActiveCfg = Debug|Any CPU
		{4340DDD9-E154-47D5-A783-A120EC7124E1}.Debug|Any CPU.Build.0 = Debug|Any CPU
		{4340DDD9-E154-47D5-A783-A120EC7124E1}.Release|Any CPU.ActiveCfg = Release|Any CPU
		{4340DDD9-E154-47D5-A783-A120EC7124E1}.Release|Any CPU.Build.0 = Release|Any CPU
		{8357D49D-173F-45AC-AD49-192750FEDF57}.Debug|Any CPU.ActiveCfg = Debug|Any CPU
		{8357D49D-173F-45AC-AD49-192750FEDF57}.Debug|Any CPU.Build.0 = Debug|Any CPU
		{8357D49D-173F-45AC-AD49-192750FEDF57}.Release|Any CPU.ActiveCfg = Release|Any CPU
		{8357D49D-173F-45AC-AD49-192750FEDF57}.Release|Any CPU.Build.0 = Release|Any CPU
	EndGlobalSection
	GlobalSection(SolutionProperties) = preSolution
		HideSolutionNode = FALSE
	EndGlobalSection
	GlobalSection(ExtensibilityGlobals) = postSolution
		SolutionGuid = {DC40A155-8018-419B-982A-C7C58490F403}
	EndGlobalSection
EndGlobal
